
Microsoft Visual Studio Solution File, Format Version 12.00
# Visual Studio Version 16
VisualStudioVersion = 16.0.30413.136
MinimumVisualStudioVersion = 10.0.40219.1
Project("{FAE04EC0-301F-11D3-BF4B-00C04F79EFBC}") = "Program 2", "Program 2\Program 2.csproj", "{0DE55685-EB4C-4F34-B30C-C918D0073369}"
EndProject
Global
	GlobalSection(SolutionConfigurationPlatforms) = preSolution
		Debug|Any CPU = Debug|Any CPU
		Release|Any CPU = Release|Any CPU
	EndGlobalSection
	GlobalSection(ProjectConfigurationPlatforms) = postSolution
		{0DE55685-EB4C-4F34-B30C-C918D0073369}.Debug|Any CPU.ActiveCfg = Debug|Any CPU
		{0DE55685-EB4C-4F34-B30C-C918D0073369}.Debug|Any CPU.Build.0 = Debug|Any CPU
		{0DE55685-EB4C-4F34-B30C-C918D0073369}.Release|Any CPU.ActiveCfg = Release|Any CPU
		{0DE55685-EB4C-4F34-B30C-C918D0073369}.Release|Any CPU.Build.0 = Release|Any CPU
	EndGlobalSection
	GlobalSection(SolutionProperties) = preSolution
		HideSolutionNode = FALSE
	EndGlobalSection
	GlobalSection(ExtensibilityGlobals) = postSolution
		SolutionGuid = {F2F5C9F1-0C90-470F-9EA4-108D9C8D94E8}
	EndGlobalSection
EndGlobal
